
Microsoft Visual Studio Solution File, Format Version 12.00
# Visual Studio Version 16
VisualStudioVersion = 16.0.31624.102
MinimumVisualStudioVersion = 10.0.40219.1
Project("{9A19103F-16F7-4668-BE54-9A1E7A4F7556}") = "Encounter Me", "Encounter Me\Encounter Me.csproj", "{6CDC5C78-FB8B-4413-BA5C-7203A2DA8453}"
EndProject
Project("{9A19103F-16F7-4668-BE54-9A1E7A4F7556}") = "Encounter Me.Api", "Encounter Me.Api\Encounter Me.Api.csproj", "{00FF6410-40EE-4DA5-9364-6E9EA9CDD38A}"
EndProject
Project("{9A19103F-16F7-4668-BE54-9A1E7A4F7556}") = "EncounterMeUnitTests", "EncounterMeUnitTests\EncounterMeUnitTests.csproj", "{8CF5507D-3935-4D91-8213-5929759F0056}"
EndProject
Global
	GlobalSection(SolutionConfigurationPlatforms) = preSolution
		Debug|Any CPU = Debug|Any CPU
		Release|Any CPU = Release|Any CPU
	EndGlobalSection
	GlobalSection(ProjectConfigurationPlatforms) = postSolution
		{6CDC5C78-FB8B-4413-BA5C-7203A2DA8453}.Debug|Any CPU.ActiveCfg = Debug|Any CPU
		{6CDC5C78-FB8B-4413-BA5C-7203A2DA8453}.Debug|Any CPU.Build.0 = Debug|Any CPU
		{6CDC5C78-FB8B-4413-BA5C-7203A2DA8453}.Release|Any CPU.ActiveCfg = Release|Any CPU
		{6CDC5C78-FB8B-4413-BA5C-7203A2DA8453}.Release|Any CPU.Build.0 = Release|Any CPU
		{00FF6410-40EE-4DA5-9364-6E9EA9CDD38A}.Debug|Any CPU.ActiveCfg = Debug|Any CPU
		{00FF6410-40EE-4DA5-9364-6E9EA9CDD38A}.Debug|Any CPU.Build.0 = Debug|Any CPU
		{00FF6410-40EE-4DA5-9364-6E9EA9CDD38A}.Release|Any CPU.ActiveCfg = Release|Any CPU
		{00FF6410-40EE-4DA5-9364-6E9EA9CDD38A}.Release|Any CPU.Build.0 = Release|Any CPU
		{8CF5507D-3935-4D91-8213-5929759F0056}.Debug|Any CPU.ActiveCfg = Debug|Any CPU
		{8CF5507D-3935-4D91-8213-5929759F0056}.Debug|Any CPU.Build.0 = Debug|Any CPU
		{8CF5507D-3935-4D91-8213-5929759F0056}.Release|Any CPU.ActiveCfg = Release|Any CPU
		{8CF5507D-3935-4D91-8213-5929759F0056}.Release|Any CPU.Build.0 = Release|Any CPU
	EndGlobalSection
	GlobalSection(SolutionProperties) = preSolution
		HideSolutionNode = FALSE
	EndGlobalSection
	GlobalSection(ExtensibilityGlobals) = postSolution
		SolutionGuid = {508D18C6-48FC-4E85-834E-DBCAE0A6733D}
	EndGlobalSection
EndGlobal
